
Microsoft Visual Studio Solution File, Format Version 12.00
# Visual Studio Version 17
VisualStudioVersion = 17.6.33829.357
MinimumVisualStudioVersion = 10.0.40219.1
Project("{FAE04EC0-301F-11D3-BF4B-00C04F79EFBC}") = "taskmanagerapp", "taskmanagerapp\taskmanagerapp.csproj", "{D7933AF3-F89E-49E6-8EF6-23751C2FA683}"
EndProject
Global
	GlobalSection(SolutionConfigurationPlatforms) = preSolution
		Debug|Any CPU = Debug|Any CPU
		Release|Any CPU = Release|Any CPU
	EndGlobalSection
	GlobalSection(ProjectConfigurationPlatforms) = postSolution
		{D7933AF3-F89E-49E6-8EF6-23751C2FA683}.Debug|Any CPU.ActiveCfg = Debug|Any CPU
		{D7933AF3-F89E-49E6-8EF6-23751C2FA683}.Debug|Any CPU.Build.0 = Debug|Any CPU
		{D7933AF3-F89E-49E6-8EF6-23751C2FA683}.Release|Any CPU.ActiveCfg = Release|Any CPU
		{D7933AF3-F89E-49E6-8EF6-23751C2FA683}.Release|Any CPU.Build.0 = Release|Any CPU
	EndGlobalSection
	GlobalSection(SolutionProperties) = preSolution
		HideSolutionNode = FALSE
	EndGlobalSection
	GlobalSection(ExtensibilityGlobals) = postSolution
		SolutionGuid = {890DD3BF-BD27-4D86-BBE3-E3E76A1EE803}
	EndGlobalSection
EndGlobal
